
Microsoft Visual Studio Solution File, Format Version 12.00
# Visual Studio 15
VisualStudioVersion = 15.0.28010.2026
MinimumVisualStudioVersion = 10.0.40219.1
Project("{FAE04EC0-301F-11D3-BF4B-00C04F79EFBC}") = "TPS", "TPS\TPS.csproj", "{EFF2CF9E-969A-4D03-985B-C231CA74EDBD}"
EndProject
Global
	GlobalSection(SolutionConfigurationPlatforms) = preSolution
		Debug|Any CPU = Debug|Any CPU
		Release|Any CPU = Release|Any CPU
	EndGlobalSection
	GlobalSection(ProjectConfigurationPlatforms) = postSolution
		{EFF2CF9E-969A-4D03-985B-C231CA74EDBD}.Debug|Any CPU.ActiveCfg = Debug|Any CPU
		{EFF2CF9E-969A-4D03-985B-C231CA74EDBD}.Debug|Any CPU.Build.0 = Debug|Any CPU
		{EFF2CF9E-969A-4D03-985B-C231CA74EDBD}.Release|Any CPU.ActiveCfg = Release|Any CPU
		{EFF2CF9E-969A-4D03-985B-C231CA74EDBD}.Release|Any CPU.Build.0 = Release|Any CPU
	EndGlobalSection
	GlobalSection(SolutionProperties) = preSolution
		HideSolutionNode = FALSE
	EndGlobalSection
	GlobalSection(ExtensibilityGlobals) = postSolution
		SolutionGuid = {A2F8B6E9-927C-4FDD-A512-D35EF97C6DBB}
	EndGlobalSection
EndGlobal
